
Microsoft Visual Studio Solution File, Format Version 12.00
# Visual Studio 15
VisualStudioVersion = 15.0.27130.2036
MinimumVisualStudioVersion = 10.0.40219.1
Project("{8BC9CEB8-8B4A-11D0-8D11-00A0C91BC942}") = "Seminar3_Week2_stub", "Seminar3_Week2_stub\Seminar3_Week2_stub.vcxproj", "{2A052F8F-28D2-4143-B482-193BF264A62E}"
EndProject
Global
	GlobalSection(SolutionConfigurationPlatforms) = preSolution
		Debug|x64 = Debug|x64
		Debug|x86 = Debug|x86
		Release|x64 = Release|x64
		Release|x86 = Release|x86
	EndGlobalSection
	GlobalSection(ProjectConfigurationPlatforms) = postSolution
		{2A052F8F-28D2-4143-B482-193BF264A62E}.Debug|x64.ActiveCfg = Debug|x64
		{2A052F8F-28D2-4143-B482-193BF264A62E}.Debug|x64.Build.0 = Debug|x64
		{2A052F8F-28D2-4143-B482-193BF264A62E}.Debug|x86.ActiveCfg = Debug|Win32
		{2A052F8F-28D2-4143-B482-193BF264A62E}.Debug|x86.Build.0 = Debug|Win32
		{2A052F8F-28D2-4143-B482-193BF264A62E}.Release|x64.ActiveCfg = Release|x64
		{2A052F8F-28D2-4143-B482-193BF264A62E}.Release|x64.Build.0 = Release|x64
		{2A052F8F-28D2-4143-B482-193BF264A62E}.Release|x86.ActiveCfg = Release|Win32
		{2A052F8F-28D2-4143-B482-193BF264A62E}.Release|x86.Build.0 = Release|Win32
	EndGlobalSection
	GlobalSection(SolutionProperties) = preSolution
		HideSolutionNode = FALSE
	EndGlobalSection
	GlobalSection(ExtensibilityGlobals) = postSolution
		SolutionGuid = {07D2633E-81F6-4DE8-AE18-5DF14D6DD1F3}
	EndGlobalSection
EndGlobal
