
Microsoft Visual Studio Solution File, Format Version 12.00
# Visual Studio Version 17
VisualStudioVersion = 17.4.33205.214
MinimumVisualStudioVersion = 10.0.40219.1
Project("{8BC9CEB8-8B4A-11D0-8D11-00A0C91BC942}") = "ModelView_stub", "ModelView_stub\ModelView_stub.vcxproj", "{ED00E278-D281-46DC-8340-09F47A36FD6C}"
EndProject
Global
	GlobalSection(SolutionConfigurationPlatforms) = preSolution
		Debug|x64 = Debug|x64
		Release|x64 = Release|x64
	EndGlobalSection
	GlobalSection(ProjectConfigurationPlatforms) = postSolution
		{ED00E278-D281-46DC-8340-09F47A36FD6C}.Debug|x64.ActiveCfg = Debug|x64
		{ED00E278-D281-46DC-8340-09F47A36FD6C}.Debug|x64.Build.0 = Debug|x64
		{ED00E278-D281-46DC-8340-09F47A36FD6C}.Release|x64.ActiveCfg = Release|x64
		{ED00E278-D281-46DC-8340-09F47A36FD6C}.Release|x64.Build.0 = Release|x64
	EndGlobalSection
	GlobalSection(SolutionProperties) = preSolution
		HideSolutionNode = FALSE
	EndGlobalSection
	GlobalSection(ExtensibilityGlobals) = postSolution
		SolutionGuid = {E4A3FE94-4FF4-475A-A6DD-83C8AACDA5DB}
	EndGlobalSection
EndGlobal
