
Microsoft Visual Studio Solution File, Format Version 12.00
# Visual Studio Version 17
VisualStudioVersion = 17.4.33205.214
MinimumVisualStudioVersion = 10.0.40219.1
Project("{8BC9CEB8-8B4A-11D0-8D11-00A0C91BC942}") = "Lecture12_demo_observer", "Lecture12_demo\Lecture12_demo.vcxproj", "{CE19789F-8C31-4F27-810F-8CCE2D550CDA}"
EndProject
Project("{8BC9CEB8-8B4A-11D0-8D11-00A0C91BC942}") = "Lecture12_demo_adapter", "Lecture12_demo_adapter\Lecture12_demo_adapter.vcxproj", "{3ACF02DB-2210-4948-89A5-0791D48E5E46}"
EndProject
Project("{8BC9CEB8-8B4A-11D0-8D11-00A0C91BC942}") = "Lecture12_demo_composite", "Lecture12_demo_composite\Lecture12_demo_composite.vcxproj", "{858145BF-C3F8-4B1B-ABAE-FE88E95E42C9}"
EndProject
Global
	GlobalSection(SolutionConfigurationPlatforms) = preSolution
		Debug|x64 = Debug|x64
		Release|x64 = Release|x64
	EndGlobalSection
	GlobalSection(ProjectConfigurationPlatforms) = postSolution
		{CE19789F-8C31-4F27-810F-8CCE2D550CDA}.Debug|x64.ActiveCfg = Debug|x64
		{CE19789F-8C31-4F27-810F-8CCE2D550CDA}.Debug|x64.Build.0 = Debug|x64
		{CE19789F-8C31-4F27-810F-8CCE2D550CDA}.Release|x64.ActiveCfg = Release|x64
		{CE19789F-8C31-4F27-810F-8CCE2D550CDA}.Release|x64.Build.0 = Release|x64
		{3ACF02DB-2210-4948-89A5-0791D48E5E46}.Debug|x64.ActiveCfg = Debug|x64
		{3ACF02DB-2210-4948-89A5-0791D48E5E46}.Debug|x64.Build.0 = Debug|x64
		{3ACF02DB-2210-4948-89A5-0791D48E5E46}.Release|x64.ActiveCfg = Release|x64
		{3ACF02DB-2210-4948-89A5-0791D48E5E46}.Release|x64.Build.0 = Release|x64
		{858145BF-C3F8-4B1B-ABAE-FE88E95E42C9}.Debug|x64.ActiveCfg = Debug|x64
		{858145BF-C3F8-4B1B-ABAE-FE88E95E42C9}.Debug|x64.Build.0 = Debug|x64
		{858145BF-C3F8-4B1B-ABAE-FE88E95E42C9}.Release|x64.ActiveCfg = Release|x64
		{858145BF-C3F8-4B1B-ABAE-FE88E95E42C9}.Release|x64.Build.0 = Release|x64
	EndGlobalSection
	GlobalSection(SolutionProperties) = preSolution
		HideSolutionNode = FALSE
	EndGlobalSection
	GlobalSection(ExtensibilityGlobals) = postSolution
		SolutionGuid = {BB5285E4-7B13-4511-A203-A7369D812089}
	EndGlobalSection
EndGlobal
