
Microsoft Visual Studio Solution File, Format Version 12.00
# Visual Studio Version 17
VisualStudioVersion = 17.4.33205.214
MinimumVisualStudioVersion = 10.0.40219.1
Project("{8BC9CEB8-8B4A-11D0-8D11-00A0C91BC942}") = "Lecture10_demo", "Lecture10_demo\Lecture10_demo.vcxproj", "{E7D48A9B-76FB-4623-9888-B9A00B62199B}"
EndProject
Project("{8BC9CEB8-8B4A-11D0-8D11-00A0C91BC942}") = "Lecture10_genes_demo", "Lecture10_genes_demo\Lecture10_genes_demo.vcxproj", "{F13606A2-9B5C-413A-AC08-696114DB1BA3}"
EndProject
Project("{8BC9CEB8-8B4A-11D0-8D11-00A0C91BC942}") = "Lecture10_introspection_example", "Lecture10_introspection_example\Lecture10_introspection_example.vcxproj", "{7D9603F1-7327-4E9C-A709-E615FBCA58C7}"
EndProject
Project("{8BC9CEB8-8B4A-11D0-8D11-00A0C91BC942}") = "Lecture10_Notepad_example", "Lecture10_Notepad_example\Lecture10_Notepad_example.vcxproj", "{65C51F06-F3BD-46F0-B624-CE7D070B7F9D}"
EndProject
Project("{8BC9CEB8-8B4A-11D0-8D11-00A0C91BC942}") = "Lecture10_Drawing", "Lecture10_Drawing\Lecture10_Drawing.vcxproj", "{4B6C91D8-8E05-41EB-AA8B-36810D99979A}"
EndProject
Global
	GlobalSection(SolutionConfigurationPlatforms) = preSolution
		Debug|x64 = Debug|x64
		Release|x64 = Release|x64
	EndGlobalSection
	GlobalSection(ProjectConfigurationPlatforms) = postSolution
		{E7D48A9B-76FB-4623-9888-B9A00B62199B}.Debug|x64.ActiveCfg = Debug|x64
		{E7D48A9B-76FB-4623-9888-B9A00B62199B}.Debug|x64.Build.0 = Debug|x64
		{E7D48A9B-76FB-4623-9888-B9A00B62199B}.Release|x64.ActiveCfg = Release|x64
		{E7D48A9B-76FB-4623-9888-B9A00B62199B}.Release|x64.Build.0 = Release|x64
		{F13606A2-9B5C-413A-AC08-696114DB1BA3}.Debug|x64.ActiveCfg = Debug|x64
		{F13606A2-9B5C-413A-AC08-696114DB1BA3}.Debug|x64.Build.0 = Debug|x64
		{F13606A2-9B5C-413A-AC08-696114DB1BA3}.Release|x64.ActiveCfg = Release|x64
		{F13606A2-9B5C-413A-AC08-696114DB1BA3}.Release|x64.Build.0 = Release|x64
		{7D9603F1-7327-4E9C-A709-E615FBCA58C7}.Debug|x64.ActiveCfg = Debug|x64
		{7D9603F1-7327-4E9C-A709-E615FBCA58C7}.Debug|x64.Build.0 = Debug|x64
		{7D9603F1-7327-4E9C-A709-E615FBCA58C7}.Release|x64.ActiveCfg = Release|x64
		{7D9603F1-7327-4E9C-A709-E615FBCA58C7}.Release|x64.Build.0 = Release|x64
		{65C51F06-F3BD-46F0-B624-CE7D070B7F9D}.Debug|x64.ActiveCfg = Debug|x64
		{65C51F06-F3BD-46F0-B624-CE7D070B7F9D}.Debug|x64.Build.0 = Debug|x64
		{65C51F06-F3BD-46F0-B624-CE7D070B7F9D}.Release|x64.ActiveCfg = Release|x64
		{65C51F06-F3BD-46F0-B624-CE7D070B7F9D}.Release|x64.Build.0 = Release|x64
		{4B6C91D8-8E05-41EB-AA8B-36810D99979A}.Debug|x64.ActiveCfg = Debug|x64
		{4B6C91D8-8E05-41EB-AA8B-36810D99979A}.Debug|x64.Build.0 = Debug|x64
		{4B6C91D8-8E05-41EB-AA8B-36810D99979A}.Release|x64.ActiveCfg = Release|x64
		{4B6C91D8-8E05-41EB-AA8B-36810D99979A}.Release|x64.Build.0 = Release|x64
	EndGlobalSection
	GlobalSection(SolutionProperties) = preSolution
		HideSolutionNode = FALSE
	EndGlobalSection
	GlobalSection(ExtensibilityGlobals) = postSolution
		SolutionGuid = {D56722BB-15E0-4033-8F9F-B92AFA40703A}
	EndGlobalSection
EndGlobal
