
Microsoft Visual Studio Solution File, Format Version 12.00
# Visual Studio Version 17
VisualStudioVersion = 17.9.34622.214
MinimumVisualStudioVersion = 10.0.40219.1
Project("{FAE04EC0-301F-11D3-BF4B-00C04F79EFBC}") = "ConsoleBased", "ConsoleBased\ConsoleBased.csproj", "{6BEA56A4-249A-42EB-B128-DEAE2A38F8CD}"
EndProject
Global
	GlobalSection(SolutionConfigurationPlatforms) = preSolution
		Debug|Any CPU = Debug|Any CPU
		Release|Any CPU = Release|Any CPU
	EndGlobalSection
	GlobalSection(ProjectConfigurationPlatforms) = postSolution
		{6BEA56A4-249A-42EB-B128-DEAE2A38F8CD}.Debug|Any CPU.ActiveCfg = Debug|Any CPU
		{6BEA56A4-249A-42EB-B128-DEAE2A38F8CD}.Debug|Any CPU.Build.0 = Debug|Any CPU
		{6BEA56A4-249A-42EB-B128-DEAE2A38F8CD}.Release|Any CPU.ActiveCfg = Release|Any CPU
		{6BEA56A4-249A-42EB-B128-DEAE2A38F8CD}.Release|Any CPU.Build.0 = Release|Any CPU
	EndGlobalSection
	GlobalSection(SolutionProperties) = preSolution
		HideSolutionNode = FALSE
	EndGlobalSection
	GlobalSection(ExtensibilityGlobals) = postSolution
		SolutionGuid = {30BBBC0B-3BC7-410C-9B25-25154E907BB6}
	EndGlobalSection
EndGlobal
